// !$*UTF8*$!
{
	archiveVersion = 1;
	classes = {
	};
	objectVersion = 48;
	objects = {

/* Begin PBXBuildFile section */
		FFAC0C5C204D996B003269C1 /* AppDelegate.swift in Sources */ = {isa = PBXBuildFile; fileRef = FFAC0C5B204D996B003269C1 /* AppDelegate.swift */; };
		FFAC0C5E204D996B003269C1 /* ViewController.swift in Sources */ = {isa = PBXBuildFile; fileRef = FFAC0C5D204D996B003269C1 /* ViewController.swift */; };
		FFAC0C61204D996B003269C1 /* Main.storyboard in Resources */ = {isa = PBXBuildFile; fileRef = FFAC0C5F204D996B003269C1 /* Main.storyboard */; };
		FFAC0C63204D996C003269C1 /* Assets.xcassets in Resources */ = {isa = PBXBuildFile; fileRef = FFAC0C62204D996C003269C1 /* Assets.xcassets */; };
		FFAC0C66204D996C003269C1 /* LaunchScreen.storyboard in Resources */ = {isa = PBXBuildFile; fileRef = FFAC0C64204D996C003269C1 /* LaunchScreen.storyboard */; };
		FFAC0C71204D996C003269C1 /* YoutubeVideoDemoTests.swift in Sources */ = {isa = PBXBuildFile; fileRef = FFAC0C70204D996C003269C1 /* YoutubeVideoDemoTests.swift */; };
		FFAC0C7C204D996C003269C1 /* YoutubeVideoDemoUITests.swift in Sources */ = {isa = PBXBuildFile; fileRef = FFAC0C7B204D996C003269C1 /* YoutubeVideoDemoUITests.swift */; };
		FFAC0C8E204DA463003269C1 /* YouTubePlayer.swift in Sources */ = {isa = PBXBuildFile; fileRef = FFAC0C8D204DA463003269C1 /* YouTubePlayer.swift */; };
		FFAC0C90204DA475003269C1 /* YTPlayer.html in Resources */ = {isa = PBXBuildFile; fileRef = FFAC0C8F204DA475003269C1 /* YTPlayer.html */; };
		FFAC0C94204DA666003269C1 /* YouTubePlayer.swift in Resources */ = {isa = PBXBuildFile; fileRef = FFAC0C8D204DA463003269C1 /* YouTubePlayer.swift */; };
/* End PBXBuildFile section */

/* Begin PBXContainerItemProxy section */
		FFAC0C6D204D996C003269C1 /* PBXContainerItemProxy */ = {
			isa = PBXContainerItemProxy;
			containerPortal = FFAC0C50204D996B003269C1 /* Project object */;
			proxyType = 1;
			remoteGlobalIDString = FFAC0C57204D996B003269C1;
			remoteInfo = YoutubeVideoDemo;
		};
		FFAC0C78204D996C003269C1 /* PBXContainerItemProxy */ = {
			isa = PBXContainerItemProxy;
			containerPortal = FFAC0C50204D996B003269C1 /* Project object */;
			proxyType = 1;
			remoteGlobalIDString = FFAC0C57204D996B003269C1;
			remoteInfo = YoutubeVideoDemo;
		};
/* End PBXContainerItemProxy section */

/* Begin PBXFileReference section */
		FFAC0C58204D996B003269C1 /* YoutubeVideoDemo.app */ = {isa = PBXFileReference; explicitFileType = wrapper.application; includeInIndex = 0; path = YoutubeVideoDemo.app; sourceTree = BUILT_PRODUCTS_DIR; };
		FFAC0C5B204D996B003269C1 /* AppDelegate.swift */ = {isa = PBXFileReference; lastKnownFileType = sourcecode.swift; path = AppDelegate.swift; sourceTree = "<group>"; };
		FFAC0C5D204D996B003269C1 /* ViewController.swift */ = {isa = PBXFileReference; lastKnownFileType = sourcecode.swift; path = ViewController.swift; sourceTree = "<group>"; };
		FFAC0C60204D996B003269C1 /* Base */ = {isa = PBXFileReference; lastKnownFileType = file.storyboard; name = Base; path = Base.lproj/Main.storyboard; sourceTree = "<group>"; };
		FFAC0C62204D996C003269C1 /* Assets.xcassets */ = {isa = PBXFileReference; lastKnownFileType = folder.assetcatalog; path = Assets.xcassets; sourceTree = "<group>"; };
		FFAC0C65204D996C003269C1 /* Base */ = {isa = PBXFileReference; lastKnownFileType = file.storyboard; name = Base; path = Base.lproj/LaunchScreen.storyboard; sourceTree = "<group>"; };
		FFAC0C67204D996C003269C1 /* Info.plist */ = {isa = PBXFileReference; lastKnownFileType = text.plist.xml; path = Info.plist; sourceTree = "<group>"; };
		FFAC0C6C204D996C003269C1 /* YoutubeVideoDemoTests.xctest */ = {isa = PBXFileReference; explicitFileType = wrapper.cfbundle; includeInIndex = 0; path = YoutubeVideoDemoTests.xctest; sourceTree = BUILT_PRODUCTS_DIR; };
		FFAC0C70204D996C003269C1 /* YoutubeVideoDemoTests.swift */ = {isa = PBXFileReference; lastKnownFileType = sourcecode.swift; path = YoutubeVideoDemoTests.swift; sourceTree = "<group>"; };
		FFAC0C72204D996C003269C1 /* Info.plist */ = {isa = PBXFileReference; lastKnownFileType = text.plist.xml; path = Info.plist; sourceTree = "<group>"; };
		FFAC0C77204D996C003269C1 /* YoutubeVideoDemoUITests.xctest */ = {isa = PBXFileReference; explicitFileType = wrapper.cfbundle; includeInIndex = 0; path = YoutubeVideoDemoUITests.xctest; sourceTree = BUILT_PRODUCTS_DIR; };
		FFAC0C7B204D996C003269C1 /* YoutubeVideoDemoUITests.swift */ = {isa = PBXFileReference; lastKnownFileType = sourcecode.swift; path = YoutubeVideoDemoUITests.swift; sourceTree = "<group>"; };
		FFAC0C7D204D996C003269C1 /* Info.plist */ = {isa = PBXFileReference; lastKnownFileType = text.plist.xml; path = Info.plist; sourceTree = "<group>"; };
		FFAC0C8D204DA463003269C1 /* YouTubePlayer.swift */ = {isa = PBXFileReference; fileEncoding = 4; lastKnownFileType = sourcecode.swift; path = YouTubePlayer.swift; sourceTree = "<group>"; };
		FFAC0C8F204DA475003269C1 /* YTPlayer.html */ = {isa = PBXFileReference; fileEncoding = 4; lastKnownFileType = text.html; path = YTPlayer.html; sourceTree = "<group>"; };
/* End PBXFileReference section */

/* Begin PBXFrameworksBuildPhase section */
		FFAC0C55204D996B003269C1 /* Frameworks */ = {
			isa = PBXFrameworksBuildPhase;
			buildActionMask = 2147483647;
			files = (
			);
			runOnlyForDeploymentPostprocessing = 0;
		};
		FFAC0C69204D996C003269C1 /* Frameworks */ = {
			isa = PBXFrameworksBuildPhase;
			buildActionMask = 2147483647;
			files = (
			);
			runOnlyForDeploymentPostprocessing = 0;
		};
		FFAC0C74204D996C003269C1 /* Frameworks */ = {
			isa = PBXFrameworksBuildPhase;
			buildActionMask = 2147483647;
			files = (
			);
			runOnlyForDeploymentPostprocessing = 0;
		};
/* End PBXFrameworksBuildPhase section */

/* Begin PBXGroup section */
		FFAC0C4F204D996B003269C1 = {
			isa = PBXGroup;
			children = (
				FFAC0C5A204D996B003269C1 /* YoutubeVideoDemo */,
				FFAC0C6F204D996C003269C1 /* YoutubeVideoDemoTests */,
				FFAC0C7A204D996C003269C1 /* YoutubeVideoDemoUITests */,
				FFAC0C59204D996B003269C1 /* Products */,
			);
			sourceTree = "<group>";
		};
		FFAC0C59204D996B003269C1 /* Products */ = {
			isa = PBXGroup;
			children = (
				FFAC0C58204D996B003269C1 /* YoutubeVideoDemo.app */,
				FFAC0C6C204D996C003269C1 /* YoutubeVideoDemoTests.xctest */,
				FFAC0C77204D996C003269C1 /* YoutubeVideoDemoUITests.xctest */,
			);
			name = Products;
			sourceTree = "<group>";
		};
		FFAC0C5A204D996B003269C1 /* YoutubeVideoDemo */ = {
			isa = PBXGroup;
			children = (
				FFAC0C8C204DA45B003269C1 /* New Group */,
				FFAC0C5B204D996B003269C1 /* AppDelegate.swift */,
				FFAC0C5D204D996B003269C1 /* ViewController.swift */,
				FFAC0C5F204D996B003269C1 /* Main.storyboard */,
				FFAC0C62204D996C003269C1 /* Assets.xcassets */,
				FFAC0C64204D996C003269C1 /* LaunchScreen.storyboard */,
				FFAC0C67204D996C003269C1 /* Info.plist */,
			);
			path = YoutubeVideoDemo;
			sourceTree = "<group>";
		};
		FFAC0C6F204D996C003269C1 /* YoutubeVideoDemoTests */ = {
			isa = PBXGroup;
			children = (
				FFAC0C70204D996C003269C1 /* YoutubeVideoDemoTests.swift */,
				FFAC0C72204D996C003269C1 /* Info.plist */,
			);
			path = YoutubeVideoDemoTests;
			sourceTree = "<group>";
		};
		FFAC0C7A204D996C003269C1 /* YoutubeVideoDemoUITests */ = {
			isa = PBXGroup;
			children = (
				FFAC0C7B204D996C003269C1 /* YoutubeVideoDemoUITests.swift */,
				FFAC0C7D204D996C003269C1 /* Info.plist */,
			);
			path = YoutubeVideoDemoUITests;
			sourceTree = "<group>";
		};
		FFAC0C8C204DA45B003269C1 /* New Group */ = {
			isa = PBXGroup;
			children = (
				FFAC0C8D204DA463003269C1 /* YouTubePlayer.swift */,
				FFAC0C8F204DA475003269C1 /* YTPlayer.html */,
			);
			path = "New Group";
			sourceTree = "<group>";
		};
/* End PBXGroup section */

/* Begin PBXNativeTarget section */
		FFAC0C57204D996B003269C1 /* YoutubeVideoDemo */ = {
			isa = PBXNativeTarget;
			buildConfigurationList = FFAC0C80204D996C003269C1 /* Build configuration list for PBXNativeTarget "YoutubeVideoDemo" */;
			buildPhases = (
				FFAC0C54204D996B003269C1 /* Sources */,
				FFAC0C55204D996B003269C1 /* Frameworks */,
				FFAC0C56204D996B003269C1 /* Resources */,
			);
			buildRules = (
			);
			dependencies = (
			);
			name = YoutubeVideoDemo;
			productName = YoutubeVideoDemo;
			productReference = FFAC0C58204D996B003269C1 /* YoutubeVideoDemo.app */;
			productType = "com.apple.product-type.application";
		};
		FFAC0C6B204D996C003269C1 /* YoutubeVideoDemoTests */ = {
			isa = PBXNativeTarget;
			buildConfigurationList = FFAC0C83204D996C003269C1 /* Build configuration list for PBXNativeTarget "YoutubeVideoDemoTests" */;
			buildPhases = (
				FFAC0C68204D996C003269C1 /* Sources */,
				FFAC0C69204D996C003269C1 /* Frameworks */,
				FFAC0C6A204D996C003269C1 /* Resources */,
			);
			buildRules = (
			);
			dependencies = (
				FFAC0C6E204D996C003269C1 /* PBXTargetDependency */,
			);
			name = YoutubeVideoDemoTests;
			productName = YoutubeVideoDemoTests;
			productReference = FFAC0C6C204D996C003269C1 /* YoutubeVideoDemoTests.xctest */;
			productType = "com.apple.product-type.bundle.unit-test";
		};
		FFAC0C76204D996C003269C1 /* YoutubeVideoDemoUITests */ = {
			isa = PBXNativeTarget;
			buildConfigurationList = FFAC0C86204D996C003269C1 /* Build configuration list for PBXNativeTarget "YoutubeVideoDemoUITests" */;
			buildPhases = (
				FFAC0C73204D996C003269C1 /* Sources */,
				FFAC0C74204D996C003269C1 /* Frameworks */,
				FFAC0C75204D996C003269C1 /* Resources */,
			);
			buildRules = (
			);
			dependencies = (
				FFAC0C79204D996C003269C1 /* PBXTargetDependency */,
			);
			name = YoutubeVideoDemoUITests;
			productName = YoutubeVideoDemoUITests;
			productReference = FFAC0C77204D996C003269C1 /* YoutubeVideoDemoUITests.xctest */;
			productType = "com.apple.product-type.bundle.ui-testing";
		};
/* End PBXNativeTarget section */

/* Begin PBXProject section */
		FFAC0C50204D996B003269C1 /* Project object */ = {
			isa = PBXProject;
			attributes = {
				LastSwiftUpdateCheck = 0920;
				LastUpgradeCheck = 0920;
				ORGANIZATIONNAME = "Kondiram Sonawane";
				TargetAttributes = {
					FFAC0C57204D996B003269C1 = {
						CreatedOnToolsVersion = 9.2;
						ProvisioningStyle = Automatic;
					};
					FFAC0C6B204D996C003269C1 = {
						CreatedOnToolsVersion = 9.2;
						ProvisioningStyle = Automatic;
						TestTargetID = FFAC0C57204D996B003269C1;
					};
					FFAC0C76204D996C003269C1 = {
						CreatedOnToolsVersion = 9.2;
						ProvisioningStyle = Automatic;
						TestTargetID = FFAC0C57204D996B003269C1;
					};
				};
			};
			buildConfigurationList = FFAC0C53204D996B003269C1 /* Build configuration list for PBXProject "YoutubeVideoDemo" */;
			compatibilityVersion = "Xcode 8.0";
			developmentRegion = en;
			hasScannedForEncodings = 0;
			knownRegions = (
				en,
				Base,
			);
			mainGroup = FFAC0C4F204D996B003269C1;
			productRefGroup = FFAC0C59204D996B003269C1 /* Products */;
			projectDirPath = "";
			projectRoot = "";
			targets = (
				FFAC0C57204D996B003269C1 /* YoutubeVideoDemo */,
				FFAC0C6B204D996C003269C1 /* YoutubeVideoDemoTests */,
				FFAC0C76204D996C003269C1 /* YoutubeVideoDemoUITests */,
			);
		};
/* End PBXProject section */

/* Begin PBXResourcesBuildPhase section */
		FFAC0C56204D996B003269C1 /* Resources */ = {
			isa = PBXResourcesBuildPhase;
			buildActionMask = 2147483647;
			files = (
				FFAC0C94204DA666003269C1 /* YouTubePlayer.swift in Resources */,
				FFAC0C66204D996C003269C1 /* LaunchScreen.storyboard in Resources */,
				FFAC0C63204D996C003269C1 /* Assets.xcassets in Resources */,
				FFAC0C90204DA475003269C1 /* YTPlayer.html in Resources */,
				FFAC0C61204D996B003269C1 /* Main.storyboard in Resources */,
			);
			runOnlyForDeploymentPostprocessing = 0;
		};
		FFAC0C6A204D996C003269C1 /* Resources */ = {
			isa = PBXResourcesBuildPhase;
			buildActionMask = 2147483647;
			files = (
			);
			runOnlyForDeploymentPostprocessing = 0;
		};
		FFAC0C75204D996C003269C1 /* Resources */ = {
			isa = PBXResourcesBuildPhase;
			buildActionMask = 2147483647;
			files = (
			);
			runOnlyForDeploymentPostprocessing = 0;
		};
/* End PBXResourcesBuildPhase section */

/* Begin PBXSourcesBuildPhase section */
		FFAC0C54204D996B003269C1 /* Sources */ = {
			isa = PBXSourcesBuildPhase;
			buildActionMask = 2147483647;
			files = (
				FFAC0C8E204DA463003269C1 /* YouTubePlayer.swift in Sources */,
				FFAC0C5E204D996B003269C1 /* ViewController.swift in Sources */,
				FFAC0C5C204D996B003269C1 /* AppDelegate.swift in Sources */,
			);
			runOnlyForDeploymentPostprocessing = 0;
		};
		FFAC0C68204D996C003269C1 /* Sources */ = {
			isa = PBXSourcesBuildPhase;
			buildActionMask = 2147483647;
			files = (
				FFAC0C71204D996C003269C1 /* YoutubeVideoDemoTests.swift in Sources */,
			);
			runOnlyForDeploymentPostprocessing = 0;
		};
		FFAC0C73204D996C003269C1 /* Sources */ = {
			isa = PBXSourcesBuildPhase;
			buildActionMask = 2147483647;
			files = (
				FFAC0C7C204D996C003269C1 /* YoutubeVideoDemoUITests.swift in Sources */,
			);
			runOnlyForDeploymentPostprocessing = 0;
		};
/* End PBXSourcesBuildPhase section */

/* Begin PBXTargetDependency section */
		FFAC0C6E204D996C003269C1 /* PBXTargetDependency */ = {
			isa = PBXTargetDependency;
			target = FFAC0C57204D996B003269C1 /* YoutubeVideoDemo */;
			targetProxy = FFAC0C6D204D996C003269C1 /* PBXContainerItemProxy */;
		};
		FFAC0C79204D996C003269C1 /* PBXTargetDependency */ = {
			isa = PBXTargetDependency;
			target = FFAC0C57204D996B003269C1 /* YoutubeVideoDemo */;
			targetProxy = FFAC0C78204D996C003269C1 /* PBXContainerItemProxy */;
		};
/* End PBXTargetDependency section */

/* Begin PBXVariantGroup section */
		FFAC0C5F204D996B003269C1 /* Main.storyboard */ = {
			isa = PBXVariantGroup;
			children = (
				FFAC0C60204D996B003269C1 /* Base */,
			);
			name = Main.storyboard;
			sourceTree = "<group>";
		};
		FFAC0C64204D996C003269C1 /* LaunchScreen.storyboard */ = {
			isa = PBXVariantGroup;
			children = (
				FFAC0C65204D996C003269C1 /* Base */,
			);
			name = LaunchScreen.storyboard;
			sourceTree = "<group>";
		};
/* End PBXVariantGroup section */

/* Begin XCBuildConfiguration section */
		FFAC0C7E204D996C003269C1 /* Debug */ = {
			isa = XCBuildConfiguration;
			buildSettings = {
				ALWAYS_SEARCH_USER_PATHS = NO;
				CLANG_ANALYZER_NONNULL = YES;
				CLANG_ANALYZER_NUMBER_OBJECT_CONVERSION = YES_AGGRESSIVE;
				CLANG_CXX_LANGUAGE_STANDARD = "gnu++14";
				CLANG_CXX_LIBRARY = "libc++";
				CLANG_ENABLE_MODULES = YES;
				CLANG_ENABLE_OBJC_ARC = YES;
				CLANG_WARN_BLOCK_CAPTURE_AUTORELEASING = YES;
				CLANG_WARN_BOOL_CONVERSION = YES;
				CLANG_WARN_COMMA = YES;
				CLANG_WARN_CONSTANT_CONVERSION = YES;
				CLANG_WARN_DIRECT_OBJC_ISA_USAGE = YES_ERROR;
				CLANG_WARN_DOCUMENTATION_COMMENTS = YES;
				CLANG_WARN_EMPTY_BODY = YES;
				CLANG_WARN_ENUM_CONVERSION = YES;
				CLANG_WARN_INFINITE_RECURSION = YES;
				CLANG_WARN_INT_CONVERSION = YES;
				CLANG_WARN_NON_LITERAL_NULL_CONVERSION = YES;
				CLANG_WARN_OBJC_LITERAL_CONVERSION = YES;
				CLANG_WARN_OBJC_ROOT_CLASS = YES_ERROR;
				CLANG_WARN_RANGE_LOOP_ANALYSIS = YES;
				CLANG_WARN_STRICT_PROTOTYPES = YES;
				CLANG_WARN_SUSPICIOUS_MOVE = YES;
				CLANG_WARN_UNGUARDED_AVAILABILITY = YES_AGGRESSIVE;
				CLANG_WARN_UNREACHABLE_CODE = YES;
				CLANG_WARN__DUPLICATE_METHOD_MATCH = YES;
				CODE_SIGN_IDENTITY = "iPhone Developer";
				COPY_PHASE_STRIP = NO;
				DEBUG_INFORMATION_FORMAT = dwarf;
				ENABLE_STRICT_OBJC_MSGSEND = YES;
				ENABLE_TESTABILITY = YES;
				GCC_C_LANGUAGE_STANDARD = gnu11;
				GCC_DYNAMIC_NO_PIC = NO;
				GCC_NO_COMMON_BLOCKS = YES;
				GCC_OPTIMIZATION_LEVEL = 0;
				GCC_PREPROCESSOR_DEFINITIONS = (
					"DEBUG=1",
					"$(inherited)",
				);
				GCC_WARN_64_TO_32_BIT_CONVERSION = YES;
				GCC_WARN_ABOUT_RETURN_TYPE = YES_ERROR;
				GCC_WARN_UNDECLARED_SELECTOR = YES;
				GCC_WARN_UNINITIALIZED_AUTOS = YES_AGGRESSIVE;
				GCC_WARN_UNUSED_FUNCTION = YES;
				GCC_WARN_UNUSED_VARIABLE = YES;
				IPHONEOS_DEPLOYMENT_TARGET = 11.2;
				MTL_ENABLE_DEBUG_INFO = YES;
				ONLY_ACTIVE_ARCH = YES;
				SDKROOT = iphoneos;
				SWIFT_ACTIVE_COMPILATION_CONDITIONS = DEBUG;
				SWIFT_OPTIMIZATION_LEVEL = "-Onone";
			};
			name = Debug;
		};
		FFAC0C7F204D996C003269C1 /* Release */ = {
			isa = XCBuildConfiguration;
			buildSettings = {
				ALWAYS_SEARCH_USER_PATHS = NO;
				CLANG_ANALYZER_NONNULL = YES;
				CLANG_ANALYZER_NUMBER_OBJECT_CONVERSION = YES_AGGRESSIVE;
				CLANG_CXX_LANGUAGE_STANDARD = "gnu++14";
				CLANG_CXX_LIBRARY = "libc++";
				CLANG_ENABLE_MODULES = YES;
				CLANG_ENABLE_OBJC_ARC = YES;
				CLANG_WARN_BLOCK_CAPTURE_AUTORELEASING = YES;
				CLANG_WARN_BOOL_CONVERSION = YES;
				CLANG_WARN_COMMA = YES;
				CLANG_WARN_CONSTANT_CONVERSION = YES;
				CLANG_WARN_DIRECT_OBJC_ISA_USAGE = YES_ERROR;
				CLANG_WARN_DOCUMENTATION_COMMENTS = YES;
				CLANG_WARN_EMPTY_BODY = YES;
				CLANG_WARN_ENUM_CONVERSION = YES;
				CLANG_WARN_INFINITE_RECURSION = YES;
				CLANG_WARN_INT_CONVERSION = YES;
				CLANG_WARN_NON_LITERAL_NULL_CONVERSION = YES;
				CLANG_WARN_OBJC_LITERAL_CONVERSION = YES;
				CLANG_WARN_OBJC_ROOT_CLASS = YES_ERROR;
				CLANG_WARN_RANGE_LOOP_ANALYSIS = YES;
				CLANG_WARN_STRICT_PROTOTYPES = YES;
				CLANG_WARN_SUSPICIOUS_MOVE = YES;
				CLANG_WARN_UNGUARDED_AVAILABILITY = YES_AGGRESSIVE;
				CLANG_WARN_UNREACHABLE_CODE = YES;
				CLANG_WARN__DUPLICATE_METHOD_MATCH = YES;
				CODE_SIGN_IDENTITY = "iPhone Developer";
				COPY_PHASE_STRIP = NO;
				DEBUG_INFORMATION_FORMAT = "dwarf-with-dsym";
				ENABLE_NS_ASSERTIONS = NO;
				ENABLE_STRICT_OBJC_MSGSEND = YES;
				GCC_C_LANGUAGE_STANDARD = gnu11;
				GCC_NO_COMMON_BLOCKS = YES;
				GCC_WARN_64_TO_32_BIT_CONVERSION = YES;
				GCC_WARN_ABOUT_RETURN_TYPE = YES_ERROR;
				GCC_WARN_UNDECLARED_SELECTOR = YES;
				GCC_WARN_UNINITIALIZED_AUTOS = YES_AGGRESSIVE;
				GCC_WARN_UNUSED_FUNCTION = YES;
				GCC_WARN_UNUSED_VARIABLE = YES;
				IPHONEOS_DEPLOYMENT_TARGET = 11.2;
				MTL_ENABLE_DEBUG_INFO = NO;
				SDKROOT = iphoneos;
				SWIFT_OPTIMIZATION_LEVEL = "-Owholemodule";
				VALIDATE_PRODUCT = YES;
			};
			name = Release;
		};
		FFAC0C81204D996C003269C1 /* Debug */ = {
			isa = XCBuildConfiguration;
			buildSettings = {
				ASSETCATALOG_COMPILER_APPICON_NAME = AppIcon;
				CODE_SIGN_STYLE = Automatic;
				FRAMEWORK_SEARCH_PATHS = (
					"$(inherited)",
					"$(PROJECT_DIR)/YoutubeVideoDemo",
					"$(PROJECT_DIR)/YoutubeVideoDemo/New\\ Group",
				);
				INFOPLIST_FILE = YoutubeVideoDemo/Info.plist;
				LD_RUNPATH_SEARCH_PATHS = "$(inherited) @executable_path/Frameworks";
				PRODUCT_BUNDLE_IDENTIFIER = com.YoutubeVideoDemo;
				PRODUCT_NAME = "$(TARGET_NAME)";
				SWIFT_VERSION = 4.0;
				TARGETED_DEVICE_FAMILY = "1,2";
			};
			name = Debug;
		};
		FFAC0C82204D996C003269C1 /* Release */ = {
			isa = XCBuildConfiguration;
			buildSettings = {
				ASSETCATALOG_COMPILER_APPICON_NAME = AppIcon;
				CODE_SIGN_STYLE = Automatic;
				FRAMEWORK_SEARCH_PATHS = (
					"$(inherited)",
					"$(PROJECT_DIR)/YoutubeVideoDemo",
					"$(PROJECT_DIR)/YoutubeVideoDemo/New\\ Group",
				);
				INFOPLIST_FILE = YoutubeVideoDemo/Info.plist;
				LD_RUNPATH_SEARCH_PATHS = "$(inherited) @executable_path/Frameworks";
				PRODUCT_BUNDLE_IDENTIFIER = com.YoutubeVideoDemo;
				PRODUCT_NAME = "$(TARGET_NAME)";
				SWIFT_VERSION = 4.0;
				TARGETED_DEVICE_FAMILY = "1,2";
			};
			name = Release;
		};
		FFAC0C84204D996C003269C1 /* Debug */ = {
			isa = XCBuildConfiguration;
			buildSettings = {
				ALWAYS_EMBED_SWIFT_STANDARD_LIBRARIES = YES;
				BUNDLE_LOADER = "$(TEST_HOST)";
				CODE_SIGN_STYLE = Automatic;
				INFOPLIST_FILE = YoutubeVideoDemoTests/Info.plist;
				LD_RUNPATH_SEARCH_PATHS = "$(inherited) @executable_path/Frameworks @loader_path/Frameworks";
				PRODUCT_BUNDLE_IDENTIFIER = com.YoutubeVideoDemoTests;
				PRODUCT_NAME = "$(TARGET_NAME)";
				SWIFT_VERSION = 4.0;
				TARGETED_DEVICE_FAMILY = "1,2";
				TEST_HOST = "$(BUILT_PRODUCTS_DIR)/YoutubeVideoDemo.app/YoutubeVideoDemo";
			};
			name = Debug;
		};
		FFAC0C85204D996C003269C1 /* Release */ = {
			isa = XCBuildConfiguration;
			buildSettings = {
				ALWAYS_EMBED_SWIFT_STANDARD_LIBRARIES = YES;
				BUNDLE_LOADER = "$(TEST_HOST)";
				CODE_SIGN_STYLE = Automatic;
				INFOPLIST_FILE = YoutubeVideoDemoTests/Info.plist;
				LD_RUNPATH_SEARCH_PATHS = "$(inherited) @executable_path/Frameworks @loader_path/Frameworks";
				PRODUCT_BUNDLE_IDENTIFIER = com.YoutubeVideoDemoTests;
				PRODUCT_NAME = "$(TARGET_NAME)";
				SWIFT_VERSION = 4.0;
				TARGETED_DEVICE_FAMILY = "1,2";
				TEST_HOST = "$(BUILT_PRODUCTS_DIR)/YoutubeVideoDemo.app/YoutubeVideoDemo";
			};
			name = Release;
		};
		FFAC0C87204D996C003269C1 /* Debug */ = {
			isa = XCBuildConfiguration;
			buildSettings = {
				ALWAYS_EMBED_SWIFT_STANDARD_LIBRARIES = YES;
				CODE_SIGN_STYLE = Automatic;
				INFOPLIST_FILE = YoutubeVideoDemoUITests/Info.plist;
				LD_RUNPATH_SEARCH_PATHS = "$(inherited) @executable_path/Frameworks @loader_path/Frameworks";
				PRODUCT_BUNDLE_IDENTIFIER = com.YoutubeVideoDemoUITests;
				PRODUCT_NAME = "$(TARGET_NAME)";
				SWIFT_VERSION = 4.0;
				TARGETED_DEVICE_FAMILY = "1,2";
				TEST_TARGET_NAME = YoutubeVideoDemo;
			};
			name = Debug;
		};
		FFAC0C88204D996C003269C1 /* Release */ = {
			isa = XCBuildConfiguration;
			buildSettings = {
				ALWAYS_EMBED_SWIFT_STANDARD_LIBRARIES = YES;
				CODE_SIGN_STYLE = Automatic;
				INFOPLIST_FILE = YoutubeVideoDemoUITests/Info.plist;
				LD_RUNPATH_SEARCH_PATHS = "$(inherited) @executable_path/Frameworks @loader_path/Frameworks";
				PRODUCT_BUNDLE_IDENTIFIER = com.YoutubeVideoDemoUITests;
				PRODUCT_NAME = "$(TARGET_NAME)";
				SWIFT_VERSION = 4.0;
				TARGETED_DEVICE_FAMILY = "1,2";
				TEST_TARGET_NAME = YoutubeVideoDemo;
			};
			name = Release;
		};
/* End XCBuildConfiguration section */

/* Begin XCConfigurationList section */
		FFAC0C53204D996B003269C1 /* Build configuration list for PBXProject "YoutubeVideoDemo" */ = {
			isa = XCConfigurationList;
			buildConfigurations = (
				FFAC0C7E204D996C003269C1 /* Debug */,
				FFAC0C7F204D996C003269C1 /* Release */,
			);
			defaultConfigurationIsVisible = 0;
			defaultConfigurationName = Release;
		};
		FFAC0C80204D996C003269C1 /* Build configuration list for PBXNativeTarget "YoutubeVideoDemo" */ = {
			isa = XCConfigurationList;
			buildConfigurations = (
				FFAC0C81204D996C003269C1 /* Debug */,
				FFAC0C82204D996C003269C1 /* Release */,
			);
			defaultConfigurationIsVisible = 0;
			defaultConfigurationName = Release;
		};
		FFAC0C83204D996C003269C1 /* Build configuration list for PBXNativeTarget "YoutubeVideoDemoTests" */ = {
			isa = XCConfigurationList;
			buildConfigurations = (
				FFAC0C84204D996C003269C1 /* Debug */,
				FFAC0C85204D996C003269C1 /* Release */,
			);
			defaultConfigurationIsVisible = 0;
			defaultConfigurationName = Release;
		};
		FFAC0C86204D996C003269C1 /* Build configuration list for PBXNativeTarget "YoutubeVideoDemoUITests" */ = {
			isa = XCConfigurationList;
			buildConfigurations = (
				FFAC0C87204D996C003269C1 /* Debug */,
				FFAC0C88204D996C003269C1 /* Release */,
			);
			defaultConfigurationIsVisible = 0;
			defaultConfigurationName = Release;
		};
/* End XCConfigurationList section */
	};
	rootObject = FFAC0C50204D996B003269C1 /* Project object */;
}
